
Microsoft Visual Studio Solution File, Format Version 12.00
# Visual Studio 15
Project("{FAE04EC0-301F-11D3-BF4B-00C04F79EFBC}") = "UnityEngine.TestRunner", "UnityEngine.TestRunner.csproj", "{6466D6C8-F74B-5C35-F29A-EDEE58072EB9}"
EndProject
Project("{FAE04EC0-301F-11D3-BF4B-00C04F79EFBC}") = "Unity.2D.Animation.Triangle.Runtime", "Unity.2D.Animation.Triangle.Runtime.csproj", "{10700101-D555-E735-F82E-8C34948C216B}"
EndProject
Project("{FAE04EC0-301F-11D3-BF4B-00C04F79EFBC}") = "Unity.TextMeshPro", "Unity.TextMeshPro.csproj", "{A0D6AA4A-B9AD-C340-77C7-159F06A03D6C}"
EndProject
Project("{FAE04EC0-301F-11D3-BF4B-00C04F79EFBC}") = "Unity.2D.Animation.Runtime", "Unity.2D.Animation.Runtime.csproj", "{0118C397-AF4C-4EC5-2922-E6889663DBC6}"
EndProject
Project("{FAE04EC0-301F-11D3-BF4B-00C04F79EFBC}") = "Unity.Timeline", "Unity.Timeline.csproj", "{23E40F32-0F12-BDBA-9DA6-9044185D5CC5}"
EndProject
Project("{FAE04EC0-301F-11D3-BF4B-00C04F79EFBC}") = "Unity.Mathematics", "Unity.Mathematics.csproj", "{90815091-7FE3-65BD-3FDB-2627DAE6C6D3}"
EndProject
Project("{FAE04EC0-301F-11D3-BF4B-00C04F79EFBC}") = "Unity.2D.SpriteShape.Runtime", "Unity.2D.SpriteShape.Runtime.csproj", "{C1632379-B5FD-28D9-B1EA-3C3EA76DF3C4}"
EndProject
Project("{FAE04EC0-301F-11D3-BF4B-00C04F79EFBC}") = "Assembly-CSharp", "Assembly-CSharp.csproj", "{E6D194E2-2060-E08B-74B6-698C5690FECF}"
EndProject
Project("{FAE04EC0-301F-11D3-BF4B-00C04F79EFBC}") = "Unity.2D.PixelPerfect", "Unity.2D.PixelPerfect.csproj", "{936FAF16-A4EE-0541-7759-1AAA49267344}"
EndProject
Project("{FAE04EC0-301F-11D3-BF4B-00C04F79EFBC}") = "Unity.InternalAPIEngineBridge.001", "Unity.InternalAPIEngineBridge.001.csproj", "{A285E12A-1C1F-FE0F-0DE3-ECF8385213DF}"
EndProject
Project("{FAE04EC0-301F-11D3-BF4B-00C04F79EFBC}") = "Unity.2D.Common.Runtime", "Unity.2D.Common.Runtime.csproj", "{8D16240A-1587-07AE-8151-1591DFD47E5E}"
EndProject
Project("{FAE04EC0-301F-11D3-BF4B-00C04F79EFBC}") = "Unity.TextMeshPro.Editor", "Unity.TextMeshPro.Editor.csproj", "{10E319E7-2D84-F4E3-84A6-EBD0ED3C5366}"
EndProject
Project("{FAE04EC0-301F-11D3-BF4B-00C04F79EFBC}") = "Unity.Timeline.Editor", "Unity.Timeline.Editor.csproj", "{314C283F-12C4-252E-51A0-DF78F0D6FBFB}"
EndProject
Project("{FAE04EC0-301F-11D3-BF4B-00C04F79EFBC}") = "UnityEditor.TestRunner", "UnityEditor.TestRunner.csproj", "{8B10D6E6-53F0-D473-788B-0622427B2DE9}"
EndProject
Project("{FAE04EC0-301F-11D3-BF4B-00C04F79EFBC}") = "Unity.2D.Animation.Editor", "Unity.2D.Animation.Editor.csproj", "{264A6A86-081A-9177-2623-CD1489C22759}"
EndProject
Project("{FAE04EC0-301F-11D3-BF4B-00C04F79EFBC}") = "Unity.2D.Path.Editor", "Unity.2D.Path.Editor.csproj", "{08F07305-045E-0315-F792-B42E7DEAA43E}"
EndProject
Project("{FAE04EC0-301F-11D3-BF4B-00C04F79EFBC}") = "Unity.Rider.Editor", "Unity.Rider.Editor.csproj", "{4215ECF4-ABA1-12BE-F81D-E5999DC9DD6A}"
EndProject
Project("{FAE04EC0-301F-11D3-BF4B-00C04F79EFBC}") = "Unity.2D.SpriteShape.Editor", "Unity.2D.SpriteShape.Editor.csproj", "{CE335A10-85F4-43F6-98E9-DCC8528839B9}"
EndProject
Project("{FAE04EC0-301F-11D3-BF4B-00C04F79EFBC}") = "PsdPlugin", "PsdPlugin.csproj", "{DF3757CF-CB14-713B-CDFA-FA32EA25133A}"
EndProject
Project("{FAE04EC0-301F-11D3-BF4B-00C04F79EFBC}") = "Unity.CollabProxy.Editor", "Unity.CollabProxy.Editor.csproj", "{2E1F9678-C630-5241-D85F-B2E9B80F9F61}"
EndProject
Project("{FAE04EC0-301F-11D3-BF4B-00C04F79EFBC}") = "Unity.2D.Common.Editor", "Unity.2D.Common.Editor.csproj", "{6902BEC2-E7C0-A4BD-24C1-30408B3ED7F3}"
EndProject
Project("{FAE04EC0-301F-11D3-BF4B-00C04F79EFBC}") = "Unity.VSCode.Editor", "Unity.VSCode.Editor.csproj", "{58652D6F-10E4-AF36-DA72-2C45817243AD}"
EndProject
Project("{FAE04EC0-301F-11D3-BF4B-00C04F79EFBC}") = "Unity.2D.Psdimporter.Editor", "Unity.2D.Psdimporter.Editor.csproj", "{49A83A99-8165-A387-4B6D-225D39177A73}"
EndProject
Project("{FAE04EC0-301F-11D3-BF4B-00C04F79EFBC}") = "Unity.2D.PixelPerfect.Editor", "Unity.2D.PixelPerfect.Editor.csproj", "{5F7EC930-8685-0E24-8590-8C0C97263D13}"
EndProject
Project("{FAE04EC0-301F-11D3-BF4B-00C04F79EFBC}") = "Unity.Mathematics.Editor", "Unity.Mathematics.Editor.csproj", "{6FF552D5-6076-2656-02DF-FB689B51541A}"
EndProject
Project("{FAE04EC0-301F-11D3-BF4B-00C04F79EFBC}") = "Unity.InternalAPIEditorBridge.001", "Unity.InternalAPIEditorBridge.001.csproj", "{52AF49D3-5246-4A36-03B1-C8C97FA8EF64}"
EndProject
Global
	GlobalSection(SolutionConfigurationPlatforms) = preSolution
		Debug|Any CPU = Debug|Any CPU
		Release|Any CPU = Release|Any CPU
	EndGlobalSection
	GlobalSection(ProjectConfigurationPlatforms) = postSolution
		{6466D6C8-F74B-5C35-F29A-EDEE58072EB9}.Debug|Any CPU.ActiveCfg = Debug|Any CPU
		{6466D6C8-F74B-5C35-F29A-EDEE58072EB9}.Debug|Any CPU.Build.0 = Debug|Any CPU
		{6466D6C8-F74B-5C35-F29A-EDEE58072EB9}.Release|Any CPU.ActiveCfg = Release|Any CPU
		{6466D6C8-F74B-5C35-F29A-EDEE58072EB9}.Release|Any CPU.Build.0 = Release|Any CPU
		{10700101-D555-E735-F82E-8C34948C216B}.Debug|Any CPU.ActiveCfg = Debug|Any CPU
		{10700101-D555-E735-F82E-8C34948C216B}.Debug|Any CPU.Build.0 = Debug|Any CPU
		{10700101-D555-E735-F82E-8C34948C216B}.Release|Any CPU.ActiveCfg = Release|Any CPU
		{10700101-D555-E735-F82E-8C34948C216B}.Release|Any CPU.Build.0 = Release|Any CPU
		{A0D6AA4A-B9AD-C340-77C7-159F06A03D6C}.Debug|Any CPU.ActiveCfg = Debug|Any CPU
		{A0D6AA4A-B9AD-C340-77C7-159F06A03D6C}.Debug|Any CPU.Build.0 = Debug|Any CPU
		{A0D6AA4A-B9AD-C340-77C7-159F06A03D6C}.Release|Any CPU.ActiveCfg = Release|Any CPU
		{A0D6AA4A-B9AD-C340-77C7-159F06A03D6C}.Release|Any CPU.Build.0 = Release|Any CPU
		{0118C397-AF4C-4EC5-2922-E6889663DBC6}.Debug|Any CPU.ActiveCfg = Debug|Any CPU
		{0118C397-AF4C-4EC5-2922-E6889663DBC6}.Debug|Any CPU.Build.0 = Debug|Any CPU
		{0118C397-AF4C-4EC5-2922-E6889663DBC6}.Release|Any CPU.ActiveCfg = Release|Any CPU
		{0118C397-AF4C-4EC5-2922-E6889663DBC6}.Release|Any CPU.Build.0 = Release|Any CPU
		{23E40F32-0F12-BDBA-9DA6-9044185D5CC5}.Debug|Any CPU.ActiveCfg = Debug|Any CPU
		{23E40F32-0F12-BDBA-9DA6-9044185D5CC5}.Debug|Any CPU.Build.0 = Debug|Any CPU
		{23E40F32-0F12-BDBA-9DA6-9044185D5CC5}.Release|Any CPU.ActiveCfg = Release|Any CPU
		{23E40F32-0F12-BDBA-9DA6-9044185D5CC5}.Release|Any CPU.Build.0 = Release|Any CPU
		{90815091-7FE3-65BD-3FDB-2627DAE6C6D3}.Debug|Any CPU.ActiveCfg = Debug|Any CPU
		{90815091-7FE3-65BD-3FDB-2627DAE6C6D3}.Debug|Any CPU.Build.0 = Debug|Any CPU
		{90815091-7FE3-65BD-3FDB-2627DAE6C6D3}.Release|Any CPU.ActiveCfg = Release|Any CPU
		{90815091-7FE3-65BD-3FDB-2627DAE6C6D3}.Release|Any CPU.Build.0 = Release|Any CPU
		{C1632379-B5FD-28D9-B1EA-3C3EA76DF3C4}.Debug|Any CPU.ActiveCfg = Debug|Any CPU
		{C1632379-B5FD-28D9-B1EA-3C3EA76DF3C4}.Debug|Any CPU.Build.0 = Debug|Any CPU
		{C1632379-B5FD-28D9-B1EA-3C3EA76DF3C4}.Release|Any CPU.ActiveCfg = Release|Any CPU
		{C1632379-B5FD-28D9-B1EA-3C3EA76DF3C4}.Release|Any CPU.Build.0 = Release|Any CPU
		{E6D194E2-2060-E08B-74B6-698C5690FECF}.Debug|Any CPU.ActiveCfg = Debug|Any CPU
		{E6D194E2-2060-E08B-74B6-698C5690FECF}.Debug|Any CPU.Build.0 = Debug|Any CPU
		{E6D194E2-2060-E08B-74B6-698C5690FECF}.Release|Any CPU.ActiveCfg = Release|Any CPU
		{E6D194E2-2060-E08B-74B6-698C5690FECF}.Release|Any CPU.Build.0 = Release|Any CPU
		{936FAF16-A4EE-0541-7759-1AAA49267344}.Debug|Any CPU.ActiveCfg = Debug|Any CPU
		{936FAF16-A4EE-0541-7759-1AAA49267344}.Debug|Any CPU.Build.0 = Debug|Any CPU
		{936FAF16-A4EE-0541-7759-1AAA49267344}.Release|Any CPU.ActiveCfg = Release|Any CPU
		{936FAF16-A4EE-0541-7759-1AAA49267344}.Release|Any CPU.Build.0 = Release|Any CPU
		{A285E12A-1C1F-FE0F-0DE3-ECF8385213DF}.Debug|Any CPU.ActiveCfg = Debug|Any CPU
		{A285E12A-1C1F-FE0F-0DE3-ECF8385213DF}.Debug|Any CPU.Build.0 = Debug|Any CPU
		{A285E12A-1C1F-FE0F-0DE3-ECF8385213DF}.Release|Any CPU.ActiveCfg = Release|Any CPU
		{A285E12A-1C1F-FE0F-0DE3-ECF8385213DF}.Release|Any CPU.Build.0 = Release|Any CPU
		{8D16240A-1587-07AE-8151-1591DFD47E5E}.Debug|Any CPU.ActiveCfg = Debug|Any CPU
		{8D16240A-1587-07AE-8151-1591DFD47E5E}.Debug|Any CPU.Build.0 = Debug|Any CPU
		{8D16240A-1587-07AE-8151-1591DFD47E5E}.Release|Any CPU.ActiveCfg = Release|Any CPU
		{8D16240A-1587-07AE-8151-1591DFD47E5E}.Release|Any CPU.Build.0 = Release|Any CPU
		{10E319E7-2D84-F4E3-84A6-EBD0ED3C5366}.Debug|Any CPU.ActiveCfg = Debug|Any CPU
		{10E319E7-2D84-F4E3-84A6-EBD0ED3C5366}.Debug|Any CPU.Build.0 = Debug|Any CPU
		{10E319E7-2D84-F4E3-84A6-EBD0ED3C5366}.Release|Any CPU.ActiveCfg = Release|Any CPU
		{10E319E7-2D84-F4E3-84A6-EBD0ED3C5366}.Release|Any CPU.Build.0 = Release|Any CPU
		{314C283F-12C4-252E-51A0-DF78F0D6FBFB}.Debug|Any CPU.ActiveCfg = Debug|Any CPU
		{314C283F-12C4-252E-51A0-DF78F0D6FBFB}.Debug|Any CPU.Build.0 = Debug|Any CPU
		{314C283F-12C4-252E-51A0-DF78F0D6FBFB}.Release|Any CPU.ActiveCfg = Release|Any CPU
		{314C283F-12C4-252E-51A0-DF78F0D6FBFB}.Release|Any CPU.Build.0 = Release|Any CPU
		{8B10D6E6-53F0-D473-788B-0622427B2DE9}.Debug|Any CPU.ActiveCfg = Debug|Any CPU
		{8B10D6E6-53F0-D473-788B-0622427B2DE9}.Debug|Any CPU.Build.0 = Debug|Any CPU
		{8B10D6E6-53F0-D473-788B-0622427B2DE9}.Release|Any CPU.ActiveCfg = Release|Any CPU
		{8B10D6E6-53F0-D473-788B-0622427B2DE9}.Release|Any CPU.Build.0 = Release|Any CPU
		{264A6A86-081A-9177-2623-CD1489C22759}.Debug|Any CPU.ActiveCfg = Debug|Any CPU
		{264A6A86-081A-9177-2623-CD1489C22759}.Debug|Any CPU.Build.0 = Debug|Any CPU
		{264A6A86-081A-9177-2623-CD1489C22759}.Release|Any CPU.ActiveCfg = Release|Any CPU
		{264A6A86-081A-9177-2623-CD1489C22759}.Release|Any CPU.Build.0 = Release|Any CPU
		{08F07305-045E-0315-F792-B42E7DEAA43E}.Debug|Any CPU.ActiveCfg = Debug|Any CPU
		{08F07305-045E-0315-F792-B42E7DEAA43E}.Debug|Any CPU.Build.0 = Debug|Any CPU
		{08F07305-045E-0315-F792-B42E7DEAA43E}.Release|Any CPU.ActiveCfg = Release|Any CPU
		{08F07305-045E-0315-F792-B42E7DEAA43E}.Release|Any CPU.Build.0 = Release|Any CPU
		{4215ECF4-ABA1-12BE-F81D-E5999DC9DD6A}.Debug|Any CPU.ActiveCfg = Debug|Any CPU
		{4215ECF4-ABA1-12BE-F81D-E5999DC9DD6A}.Debug|Any CPU.Build.0 = Debug|Any CPU
		{4215ECF4-ABA1-12BE-F81D-E5999DC9DD6A}.Release|Any CPU.ActiveCfg = Release|Any CPU
		{4215ECF4-ABA1-12BE-F81D-E5999DC9DD6A}.Release|Any CPU.Build.0 = Release|Any CPU
		{CE335A10-85F4-43F6-98E9-DCC8528839B9}.Debug|Any CPU.ActiveCfg = Debug|Any CPU
		{CE335A10-85F4-43F6-98E9-DCC8528839B9}.Debug|Any CPU.Build.0 = Debug|Any CPU
		{CE335A10-85F4-43F6-98E9-DCC8528839B9}.Release|Any CPU.ActiveCfg = Release|Any CPU
		{CE335A10-85F4-43F6-98E9-DCC8528839B9}.Release|Any CPU.Build.0 = Release|Any CPU
		{DF3757CF-CB14-713B-CDFA-FA32EA25133A}.Debug|Any CPU.ActiveCfg = Debug|Any CPU
		{DF3757CF-CB14-713B-CDFA-FA32EA25133A}.Debug|Any CPU.Build.0 = Debug|Any CPU
		{DF3757CF-CB14-713B-CDFA-FA32EA25133A}.Release|Any CPU.ActiveCfg = Release|Any CPU
		{DF3757CF-CB14-713B-CDFA-FA32EA25133A}.Release|Any CPU.Build.0 = Release|Any CPU
		{2E1F9678-C630-5241-D85F-B2E9B80F9F61}.Debug|Any CPU.ActiveCfg = Debug|Any CPU
		{2E1F9678-C630-5241-D85F-B2E9B80F9F61}.Debug|Any CPU.Build.0 = Debug|Any CPU
		{2E1F9678-C630-5241-D85F-B2E9B80F9F61}.Release|Any CPU.ActiveCfg = Release|Any CPU
		{2E1F9678-C630-5241-D85F-B2E9B80F9F61}.Release|Any CPU.Build.0 = Release|Any CPU
		{6902BEC2-E7C0-A4BD-24C1-30408B3ED7F3}.Debug|Any CPU.ActiveCfg = Debug|Any CPU
		{6902BEC2-E7C0-A4BD-24C1-30408B3ED7F3}.Debug|Any CPU.Build.0 = Debug|Any CPU
		{6902BEC2-E7C0-A4BD-24C1-30408B3ED7F3}.Release|Any CPU.ActiveCfg = Release|Any CPU
		{6902BEC2-E7C0-A4BD-24C1-30408B3ED7F3}.Release|Any CPU.Build.0 = Release|Any CPU
		{58652D6F-10E4-AF36-DA72-2C45817243AD}.Debug|Any CPU.ActiveCfg = Debug|Any CPU
		{58652D6F-10E4-AF36-DA72-2C45817243AD}.Debug|Any CPU.Build.0 = Debug|Any CPU
		{58652D6F-10E4-AF36-DA72-2C45817243AD}.Release|Any CPU.ActiveCfg = Release|Any CPU
		{58652D6F-10E4-AF36-DA72-2C45817243AD}.Release|Any CPU.Build.0 = Release|Any CPU
		{49A83A99-8165-A387-4B6D-225D39177A73}.Debug|Any CPU.ActiveCfg = Debug|Any CPU
		{49A83A99-8165-A387-4B6D-225D39177A73}.Debug|Any CPU.Build.0 = Debug|Any CPU
		{49A83A99-8165-A387-4B6D-225D39177A73}.Release|Any CPU.ActiveCfg = Release|Any CPU
		{49A83A99-8165-A387-4B6D-225D39177A73}.Release|Any CPU.Build.0 = Release|Any CPU
		{5F7EC930-8685-0E24-8590-8C0C97263D13}.Debug|Any CPU.ActiveCfg = Debug|Any CPU
		{5F7EC930-8685-0E24-8590-8C0C97263D13}.Debug|Any CPU.Build.0 = Debug|Any CPU
		{5F7EC930-8685-0E24-8590-8C0C97263D13}.Release|Any CPU.ActiveCfg = Release|Any CPU
		{5F7EC930-8685-0E24-8590-8C0C97263D13}.Release|Any CPU.Build.0 = Release|Any CPU
		{6FF552D5-6076-2656-02DF-FB689B51541A}.Debug|Any CPU.ActiveCfg = Debug|Any CPU
		{6FF552D5-6076-2656-02DF-FB689B51541A}.Debug|Any CPU.Build.0 = Debug|Any CPU
		{6FF552D5-6076-2656-02DF-FB689B51541A}.Release|Any CPU.ActiveCfg = Release|Any CPU
		{6FF552D5-6076-2656-02DF-FB689B51541A}.Release|Any CPU.Build.0 = Release|Any CPU
		{52AF49D3-5246-4A36-03B1-C8C97FA8EF64}.Debug|Any CPU.ActiveCfg = Debug|Any CPU
		{52AF49D3-5246-4A36-03B1-C8C97FA8EF64}.Debug|Any CPU.Build.0 = Debug|Any CPU
		{52AF49D3-5246-4A36-03B1-C8C97FA8EF64}.Release|Any CPU.ActiveCfg = Release|Any CPU
		{52AF49D3-5246-4A36-03B1-C8C97FA8EF64}.Release|Any CPU.Build.0 = Release|Any CPU
	EndGlobalSection
	GlobalSection(SolutionProperties) = preSolution
		HideSolutionNode = FALSE
	EndGlobalSection
EndGlobal
